
Microsoft Visual Studio Solution File, Format Version 12.00
# Visual Studio Version 16
VisualStudioVersion = 16.0.29911.84
MinimumVisualStudioVersion = 10.0.40219.1
Project("{FAE04EC0-301F-11D3-BF4B-00C04F79EFBC}") = "FantasyPortal", "FantasyPortal\FantasyPortal.csproj", "{451D5149-8C4E-4D43-83E3-6F29C18CD6EC}"
EndProject
Project("{FAE04EC0-301F-11D3-BF4B-00C04F79EFBC}") = "FantasyPortal.ApplicationLogic", "FantasyPortal.ApplicationLogic\FantasyPortal.ApplicationLogic.csproj", "{BC378046-D51E-4F2C-942C-BAD9F6A7FB8B}"
EndProject
Project("{FAE04EC0-301F-11D3-BF4B-00C04F79EFBC}") = "FantasyPortal.DataAccess", "FantasyPortal.DataAccess\FantasyPortal.DataAccess.csproj", "{043899E2-C749-4946-827F-7ED770523DA4}"
EndProject
Global
	GlobalSection(SolutionConfigurationPlatforms) = preSolution
		Debug|Any CPU = Debug|Any CPU
		Release|Any CPU = Release|Any CPU
	EndGlobalSection
	GlobalSection(ProjectConfigurationPlatforms) = postSolution
		{451D5149-8C4E-4D43-83E3-6F29C18CD6EC}.Debug|Any CPU.ActiveCfg = Debug|Any CPU
		{451D5149-8C4E-4D43-83E3-6F29C18CD6EC}.Debug|Any CPU.Build.0 = Debug|Any CPU
		{451D5149-8C4E-4D43-83E3-6F29C18CD6EC}.Release|Any CPU.ActiveCfg = Release|Any CPU
		{451D5149-8C4E-4D43-83E3-6F29C18CD6EC}.Release|Any CPU.Build.0 = Release|Any CPU
		{BC378046-D51E-4F2C-942C-BAD9F6A7FB8B}.Debug|Any CPU.ActiveCfg = Debug|Any CPU
		{BC378046-D51E-4F2C-942C-BAD9F6A7FB8B}.Debug|Any CPU.Build.0 = Debug|Any CPU
		{BC378046-D51E-4F2C-942C-BAD9F6A7FB8B}.Release|Any CPU.ActiveCfg = Release|Any CPU
		{BC378046-D51E-4F2C-942C-BAD9F6A7FB8B}.Release|Any CPU.Build.0 = Release|Any CPU
		{043899E2-C749-4946-827F-7ED770523DA4}.Debug|Any CPU.ActiveCfg = Debug|Any CPU
		{043899E2-C749-4946-827F-7ED770523DA4}.Debug|Any CPU.Build.0 = Debug|Any CPU
		{043899E2-C749-4946-827F-7ED770523DA4}.Release|Any CPU.ActiveCfg = Release|Any CPU
		{043899E2-C749-4946-827F-7ED770523DA4}.Release|Any CPU.Build.0 = Release|Any CPU
	EndGlobalSection
	GlobalSection(SolutionProperties) = preSolution
		HideSolutionNode = FALSE
	EndGlobalSection
	GlobalSection(ExtensibilityGlobals) = postSolution
		SolutionGuid = {5406D80A-C5C4-4BF9-B8B7-772D253A9094}
	EndGlobalSection
EndGlobal
